{
  "version": "3",
  "remote": {
    "https://deno.land/x/polkadot@0.2.43/util/array/chunk.ts": "d6ec89b9438ef4d9cf17db0920200e4a220381b4d6ef8e5fb9524f294438dac4",
    "https://deno.land/x/polkadot@0.2.43/util/array/filter.ts": "f2f4742e54ea901510db84792263d6d71ffd5358ce7e29fda6e4e6b651138d54",
    "https://deno.land/x/polkadot@0.2.43/util/array/flatten.ts": "1f68b56bfa2a22bebb09e3139cce087fc0f786e4f1c86f0d87c7184d0471f0eb",
    "https://deno.land/x/polkadot@0.2.43/util/array/index.ts": "dd6cc9321758eeba3e9ce15fb7676401b736f28038d20f24ea4991343cc82c82",
    "https://deno.land/x/polkadot@0.2.43/util/array/range.ts": "e2c288c4a27192e1e105814645dd68b37ec11ed511765282138e4ad4b4dc6e0a",
    "https://deno.land/x/polkadot@0.2.43/util/array/shuffle.ts": "bfe5ab23c7ca1cf316d82c6b95e142b572180dd97f6c17ad65b4322bd9d5af64",
    "https://deno.land/x/polkadot@0.2.43/util/array/unzip.ts": "64f9ecf56dfba06879723fae82ccbede6204a019004c6ef59651e8ed532f578a",
    "https://deno.land/x/polkadot@0.2.43/util/array/zip.ts": "730fc1e87f27e56331c0df882a4768bffdb3dc31ca394ac502c43444a5531cfc",
    "https://deno.land/x/polkadot@0.2.43/util/assert.ts": "77d484c51f27574a9af5d32dacfc7c4009359dbb688caa6554a9bede16e30736",
    "https://deno.land/x/polkadot@0.2.43/util/bi/consts.ts": "6e9259cdd481cd141772a3cbe23ce7324f50c36cfd1ce8a0cc5dc47e1c85717b",
    "https://deno.land/x/polkadot@0.2.43/util/bi/helpers.ts": "df6552e9b77e0b23f0d930a3cb56387af970a398f79fa6ec01ffe28b73170099",
    "https://deno.land/x/polkadot@0.2.43/util/bi/index.ts": "558a27984c7f1df8879cab654bd36893635aebe6ebe03d6b22d36a651eee35af",
    "https://deno.land/x/polkadot@0.2.43/util/bi/min.ts": "d027af0bcd69eb27b3928f3d8c92aa5b35f3e8ddf2ea8148f1196b30b34582a9",
    "https://deno.land/x/polkadot@0.2.43/util/bi/sqrt.ts": "d3b98ae3be5e17108d5b0d6c716f05d6ff2ff326f9231c1f0473a4b289ddfcbc",
    "https://deno.land/x/polkadot@0.2.43/util/bi/toBigInt.ts": "d2ff7927f7d93443a649b0b97f3d47261b4a15b546ddbd2051e4adb73d283259",
    "https://deno.land/x/polkadot@0.2.43/util/bi/toHex.ts": "7767ec73cc9b202fc135e7cc67706b831bcee50dd3fe4e5a250f5eec7c5e481c",
    "https://deno.land/x/polkadot@0.2.43/util/bi/toU8a.ts": "1bf94f13e7c92f247817fab571e02fb84d979a139c0eaac3204b8dec703ca740",
    "https://deno.land/x/polkadot@0.2.43/util/bn/bn.ts": "bd34e98881613da2bb72dff374059b11e490ae50d543a452f025ee3fe9067d45",
    "https://deno.land/x/polkadot@0.2.43/util/bn/consts.ts": "c098bd176824e936d2d5832999c1b9819ca1287617518ae71b8fd916064f96d5",
    "https://deno.land/x/polkadot@0.2.43/util/bn/fromHex.ts": "860f5ce9182bdb330d21dd5474863d7d27b90ec6116bab4e1d2b20d5c5b46acb",
    "https://deno.land/x/polkadot@0.2.43/util/bn/index.ts": "c6f6c426ef0c5c9bf5e56a72896388b6d991d8550559234c48192a0f3ddba02d",
    "https://deno.land/x/polkadot@0.2.43/util/bn/min.ts": "1d867b8741ce5b49c1e58b5bdbc43beaabc2308490eb099c62dd1fb96d22662b",
    "https://deno.land/x/polkadot@0.2.43/util/bn/sqrt.ts": "c5d4c9f77f4dba5f2c20aaba2035ddd88cebe6bcdda4a234f67133f42aa27087",
    "https://deno.land/x/polkadot@0.2.43/util/bn/toBn.ts": "cc809732a6862f5373a3517d4dd4fadc0dce5478453a243daf82362e6fa73eb7",
    "https://deno.land/x/polkadot@0.2.43/util/bn/toHex.ts": "beb535e7484688056bfcdef8a8d614a81ac2881cb4e827fac6d5815d955588b3",
    "https://deno.land/x/polkadot@0.2.43/util/bn/toU8a.ts": "8f6f28d95edd0b95d60d631954d6e62ede81fdce02610279bd1f136971c0ad5b",
    "https://deno.land/x/polkadot@0.2.43/util/buffer/index.ts": "271274b53ceb6ec1774959ae2021ed91c731016a85703a026300f945cadd995d",
    "https://deno.land/x/polkadot@0.2.43/util/buffer/toU8a.ts": "ae90ea466ac49433def9f9125bc5c1ae15a32174bc31d1280af447414e42e470",
    "https://deno.land/x/polkadot@0.2.43/util/bundle.ts": "0ae53d03d02dbfff69b5b538905227730d9d35469d013927dde1e7d1b5ed802d",
    "https://deno.land/x/polkadot@0.2.43/util/compact/addLength.ts": "5482ce2958b5c1b00657b77ac2d277c31188f5882475a9c762f248722152c01d",
    "https://deno.land/x/polkadot@0.2.43/util/compact/fromU8a.ts": "75e519f91f64fe7dc13aea030a153464b3478705ddabcd9c398c8821cb38d6db",
    "https://deno.land/x/polkadot@0.2.43/util/compact/index.ts": "882f64f1541d350561e8eb372e07c3b5996fa20664c09b37590657b0766a6ba0",
    "https://deno.land/x/polkadot@0.2.43/util/compact/stripLength.ts": "723083fd9ce1d4d558926544010a8bc0083195a5b6c52b47d021a022138d77be",
    "https://deno.land/x/polkadot@0.2.43/util/compact/toU8a.ts": "20c1cce3984bdff8f1625e92ff3b35ed31ccaf7352f68438b9e0443d44c18bb8",
    "https://deno.land/x/polkadot@0.2.43/util/detectOther.ts": "db3110fdfe6d885da8a43dd6dd1edebc00bcf3f90582f81d8b1631c288015bdb",
    "https://deno.land/x/polkadot@0.2.43/util/detectPackage.ts": "f04bf9bb3dd24095b6e624c2d04ba7f9ab33def2e5a50b167504f4f9ac773b84",
    "https://deno.land/x/polkadot@0.2.43/util/extractTime.ts": "3ea9fe8a30814b65935d33adbe91a57f5525d4cfa9e243349159957bcb4f6871",
    "https://deno.land/x/polkadot@0.2.43/util/float/index.ts": "c6c66e7ed67f25a723b6eb4006324f6d1bf1a45c5801d54c2edb6345a871bedf",
    "https://deno.land/x/polkadot@0.2.43/util/float/toU8a.ts": "afed0c3c0c49fb7d6af073210067f9e2ed8bb35527db10688b7d829b59246215",
    "https://deno.land/x/polkadot@0.2.43/util/format/formatBalance.ts": "249ac1c5f378db6bf31f7800bebb41dd3f4040ac564e2051c5489d43cc99bb8e",
    "https://deno.land/x/polkadot@0.2.43/util/format/formatDate.ts": "9f2d8a4361249890680f27d3ef49e5078739f8829dff20b78a97206fc77d7f23",
    "https://deno.land/x/polkadot@0.2.43/util/format/formatDecimal.ts": "740f3e5a25bd4e3683d4009369a2723dbca68d8bdd6893bb3f98900c7374d11a",
    "https://deno.land/x/polkadot@0.2.43/util/format/formatElapsed.ts": "c937f21a3db0db626e7ef1bf05e6e7f4733d534f2bb668755f3198c0627fa914",
    "https://deno.land/x/polkadot@0.2.43/util/format/formatNumber.ts": "a30d4a8bd2b3eebe7a89135427f33404e0ab7af544eec1616c053809bc878241",
    "https://deno.land/x/polkadot@0.2.43/util/format/getSeparator.ts": "de9150ddd4f25030e99315760e00420c1a97834067cd42d2b4c126c9e8c5d699",
    "https://deno.land/x/polkadot@0.2.43/util/format/index.ts": "61a35785e3028b8a13437274ad4ab8d6f168582eca90a8b83c0e9c38f3a654c3",
    "https://deno.land/x/polkadot@0.2.43/util/format/si.ts": "f6fc9b7045d36d4e7ea237945816a29915734787355f5ce0682fef51a1674b78",
    "https://deno.land/x/polkadot@0.2.43/util/has.ts": "277918737e41a78b747988f6a6f65f241f474572325aaa8741bcf8618f19dadf",
    "https://deno.land/x/polkadot@0.2.43/util/hex/addPrefix.ts": "b1efacce298c6b9e964fe350cf0ea89aa601a31f079651c0c8d4902290a5731f",
    "https://deno.land/x/polkadot@0.2.43/util/hex/fixLength.ts": "0dc003024dbebd7e877e6977a066ae3091959ce5f805c8dfbcaf06a580889824",
    "https://deno.land/x/polkadot@0.2.43/util/hex/hasPrefix.ts": "15fa69e49a57b747b1158ac07f072296b1696034367c941ec380e501d69ea92f",
    "https://deno.land/x/polkadot@0.2.43/util/hex/index.ts": "8bc56f0938a2d8a50466b5464e07481e084ad053f1064b36665acb35e130e5da",
    "https://deno.land/x/polkadot@0.2.43/util/hex/stripPrefix.ts": "d586db2aa06151e58dcf2fbd3b7732fb0fa0d8a3a1946b037ef89cf57bbad534",
    "https://deno.land/x/polkadot@0.2.43/util/hex/toBigInt.ts": "72ca1ef45e03e4ab8b3f82a4088ce2efefdfcab76f9421fd518cf337fd2ab166",
    "https://deno.land/x/polkadot@0.2.43/util/hex/toBn.ts": "2521df79a185dabbee5ebe4914ba01ac14fd678ffc0de20022e1585e3a4a1e28",
    "https://deno.land/x/polkadot@0.2.43/util/hex/toNumber.ts": "6722c9d6c4e6facbc567d5b52094127cda4c64685781472d1889cc2c0474dc4e",
    "https://deno.land/x/polkadot@0.2.43/util/hex/toString.ts": "cf3e1ebcb9b87d6d5efea0c225e69c0a48385eef3aaf1b6d4818ef120864fe11",
    "https://deno.land/x/polkadot@0.2.43/util/hex/toU8a.ts": "f3f22777657df851f152fc0ce6a3141289e646d24fa5928fdf03b1c849b6960f",
    "https://deno.land/x/polkadot@0.2.43/util/index.ts": "3af87313b30748a5486096ed932e92f3241eecee1791825b66f97e893ecc7f66",
    "https://deno.land/x/polkadot@0.2.43/util/is/array.ts": "a498a20c14c09b7876737a3fe1b6ab8c55313692bc23d0ff5ba586e2c5d7b633",
    "https://deno.land/x/polkadot@0.2.43/util/is/ascii.ts": "b9e8e51b0e149245be81efcf85cd20b094c819e77268929801498895ab558fe3",
    "https://deno.land/x/polkadot@0.2.43/util/is/bigInt.ts": "ab00c3daf0e10a00ee0ba351ffdae182048ec710664eb1b627dfc43a086044c3",
    "https://deno.land/x/polkadot@0.2.43/util/is/bn.ts": "b3e64de53eab75924eac9ae569d815b3eaa5fce5e9b91ff8e33687d53fbc85df",
    "https://deno.land/x/polkadot@0.2.43/util/is/boolean.ts": "c3ef7008185a3e0d0dd0abcbd068bd1d9a10ab5a4dd117c94033c0d5b0716493",
    "https://deno.land/x/polkadot@0.2.43/util/is/buffer.ts": "7c135b78edfe611e6e7e6ce4a786be7ea0fb5aeee2400f6a2dbcc16604e2d5af",
    "https://deno.land/x/polkadot@0.2.43/util/is/childClass.ts": "a63c8e8715f6f761d2a531d6872244528cdc1e7990d2c98166cd53ab87012595",
    "https://deno.land/x/polkadot@0.2.43/util/is/class.ts": "4e1eb5ae163f643239463f97c5319a6353dd92d833575a93771036bef8ecfbb7",
    "https://deno.land/x/polkadot@0.2.43/util/is/codec.ts": "7b575e27241258ec97c9d1ecdb67a7ae9247bd174efb153413b1e0af18fecc4e",
    "https://deno.land/x/polkadot@0.2.43/util/is/compact.ts": "04e888ec856fcee1c3874bba4bd78042edf12a999c8370d10f40cec71c79e967",
    "https://deno.land/x/polkadot@0.2.43/util/is/error.ts": "8dfd59ca04ab0afe6cf7b5c87c323e04e0ddc275bfcdcd0db7f086697cc02e44",
    "https://deno.land/x/polkadot@0.2.43/util/is/function.ts": "ad40b7b69acca4e3bdae2ce514ee95dd00e6070c79485e8af1e9108975fbfa91",
    "https://deno.land/x/polkadot@0.2.43/util/is/helpers.ts": "e8d7eccd37a3fdcf0d9b8407f94c541422d96616fe178f760f4dbf0ccf26b645",
    "https://deno.land/x/polkadot@0.2.43/util/is/hex.ts": "419ff813f549a64a05e6ac25656f56cca5306501c7747aa25062c36c11541dee",
    "https://deno.land/x/polkadot@0.2.43/util/is/index.ts": "0d2eeb687c4f1d1ca57acbd01ad0ead9774709514b94378015f4b866970c279a",
    "https://deno.land/x/polkadot@0.2.43/util/is/instanceOf.ts": "12fb6c1143136a92bac9b87fd89ea41000e39df6e254a72a8c4ad03e41f0d337",
    "https://deno.land/x/polkadot@0.2.43/util/is/ip.ts": "68c95207263ab6ebd06ad24f1691d1514442222b72dfd913113b500e329dc0ac",
    "https://deno.land/x/polkadot@0.2.43/util/is/jsonObject.ts": "5bf3408e7cefc51a6279d6dee8f881bfbb20215bcee405cfa85c36f03f62f75a",
    "https://deno.land/x/polkadot@0.2.43/util/is/null.ts": "a9fa27ff9eb286e0e321261bc3ba458eed72244c397e17a514e4b9449e91582b",
    "https://deno.land/x/polkadot@0.2.43/util/is/number.ts": "e221f48ba987bf6b5353c7949e00f1c45fbc0987bd70d24c7fe76218f9912a94",
    "https://deno.land/x/polkadot@0.2.43/util/is/object.ts": "e28331798e1b850d23516f99a87aeeb32fe29b6ded778b48d3471113ff738aef",
    "https://deno.land/x/polkadot@0.2.43/util/is/observable.ts": "bd9dd2d253bdd2c6fa541807f8bfdd48ecd6fdf3c9b78d53e04989b6162b7444",
    "https://deno.land/x/polkadot@0.2.43/util/is/promise.ts": "07135cb610a18c1e6af0c97c4b4952a75558538d8ac76fa8e63f4892cd25f1bb",
    "https://deno.land/x/polkadot@0.2.43/util/is/riscv.ts": "2c744fbc0b958703121e16b225c88617a837f1d40bab198d5e4cda68f36af774",
    "https://deno.land/x/polkadot@0.2.43/util/is/string.ts": "66172d4cede0cd17fb0e3943ece64c78cf7473a6134c8c5368b575654980f95c",
    "https://deno.land/x/polkadot@0.2.43/util/is/testChain.ts": "5527dc91de4e28aaa8625ca301e93f1c2f324c6fd1d99ad7cc991dcb5dda98f9",
    "https://deno.land/x/polkadot@0.2.43/util/is/toBigInt.ts": "2c1fb1ce518a33c8ab23dd0cccb8dbd528f3884fb6af37b0f0a2d62e5917acd7",
    "https://deno.land/x/polkadot@0.2.43/util/is/toBn.ts": "050072f164fc3effcfc5212505cd752826a847a07c9e4e1762f9560394532e01",
    "https://deno.land/x/polkadot@0.2.43/util/is/u8a.ts": "cf05ecb4a085ba5fb0764cebd12a8eded968b84056eea32cc5a0b48991a7feab",
    "https://deno.land/x/polkadot@0.2.43/util/is/undefined.ts": "8b2ce9bf234c85005406466903aeb340b4eaad54edeae4970a36c1cdaedbef59",
    "https://deno.land/x/polkadot@0.2.43/util/is/utf8.ts": "1c234120548f76488255cdc2d4efb5d0a413098a79721b17168fefea702d7ecb",
    "https://deno.land/x/polkadot@0.2.43/util/is/wasm.ts": "aef4857b5a4b26ed61509a14a03169020053a12b7724586cb978dbf926bedc94",
    "https://deno.land/x/polkadot@0.2.43/util/lazy.ts": "81a7183991eac907fd2f326b5d34af8699ee35af571f125094fc76bef65b4b31",
    "https://deno.land/x/polkadot@0.2.43/util/logger.ts": "2d5cf0f01475a8c7cae64973cf3148d618aa0ff3530f5f91ff90d4747a6e57d1",
    "https://deno.land/x/polkadot@0.2.43/util/memoize.ts": "9bd2b32ecaa70fb6356bf60f1670438b89199f3c5027e338fd11e8fcd42a97ef",
    "https://deno.land/x/polkadot@0.2.43/util/mod.ts": "08f40b536bbd1d5ec254e619f807e9d2fcfd0f10cfef3fb7a6302bfb7e19d56f",
    "https://deno.land/x/polkadot@0.2.43/util/nextTick.ts": "66876caba506c5a9e050fe6b3595ee45f75c84ae73109718e730a9bee8fd831f",
    "https://deno.land/x/polkadot@0.2.43/util/noop.ts": "d14652da4d70a11d3198bf6a1319968d2bd4ad56bea3685d8a4ce4d66638f1e4",
    "https://deno.land/x/polkadot@0.2.43/util/number/index.ts": "26a2019f8e047c329e6bc8f74f8eecfa722e6465fd5de81085ceb9f8604c6ca4",
    "https://deno.land/x/polkadot@0.2.43/util/number/toHex.ts": "8d0b5abd48e451dcff325b935b314d2729bc66ac6f0410173f78cf042f9d4e6a",
    "https://deno.land/x/polkadot@0.2.43/util/number/toU8a.ts": "0e647f073928935815c7dddbf9367603caedab6d40d4b2084a695f1367ad5a7d",
    "https://deno.land/x/polkadot@0.2.43/util/object/clear.ts": "6d071c62d1e2ca93b836bf23daa536d2c85b6aa450e3f3de19b4f2d63c1bc2a2",
    "https://deno.land/x/polkadot@0.2.43/util/object/copy.ts": "dbbf8214346870d29bdb58fb9413976d9db315256dd3e13a7998e3adacc38664",
    "https://deno.land/x/polkadot@0.2.43/util/object/entries.ts": "0a8cc8c09788d358832aa2e0c0eded220e92931dbc2d035ecc82c816beae7ead",
    "https://deno.land/x/polkadot@0.2.43/util/object/index.ts": "4c9b8738175191131283d1e1c13b37501a80a678856e164ff19b188cbb257937",
    "https://deno.land/x/polkadot@0.2.43/util/object/keys.ts": "c1e8254313f440da6876493412cab26d91cc1657c5acd7257646e45d8b71f1ec",
    "https://deno.land/x/polkadot@0.2.43/util/object/property.ts": "3dfa5d3012061d81efd4327413a3169ce4122342605c6d79e14944ed8c6f18e8",
    "https://deno.land/x/polkadot@0.2.43/util/object/spread.ts": "4534f7902ce544958a8cdc7e78b2a7a066843255abf1e3627cb9ad337e5a4ede",
    "https://deno.land/x/polkadot@0.2.43/util/object/values.ts": "240a0844ba53894f23b0a78c7543d513bc9023bce1c91edef37206e270d339f6",
    "https://deno.land/x/polkadot@0.2.43/util/packageInfo.ts": "06eabfba8df3a80a15ef9560111c2615f581a8784afc45f7c9f56f87983b70c8",
    "https://deno.land/x/polkadot@0.2.43/util/promisify.ts": "4d340adfb28c14f7657ccf24ddbd39bf9bbf73448a588e8c2f6c6427d8a6dad2",
    "https://deno.land/x/polkadot@0.2.43/util/string/camelCase.ts": "e359a9aa0a56a820825efa177ed32d5de0c6dd38e2e0f9318aefe138a8cc1e15",
    "https://deno.land/x/polkadot@0.2.43/util/string/index.ts": "8c1ac6127d55bad2f1643092bdf6286092d31a133918acba08f53332578516e9",
    "https://deno.land/x/polkadot@0.2.43/util/string/lowerFirst.ts": "93e5554c29366f835d34600a931d6ddb83e7f869c9c8d084598cd30732a61e79",
    "https://deno.land/x/polkadot@0.2.43/util/string/shorten.ts": "daf289ca59dc1463273c7826d2b08ebf38d763ed60e06918b6328187cf02b2fb",
    "https://deno.land/x/polkadot@0.2.43/util/string/toHex.ts": "5c1884706fa180c345b35f5dea41de0da08309a73e9d297e26a41778c19fe377",
    "https://deno.land/x/polkadot@0.2.43/util/string/toU8a.ts": "03155738ad51b1a9e0c544e2e2c8ddf09d2e63b37869701f887555fdbe0feca6",
    "https://deno.land/x/polkadot@0.2.43/util/stringify.ts": "9bc8fdd187218acc33d07a8738719ed80ac43e38d107ba93c486c3ef8c6e8d70",
    "https://deno.land/x/polkadot@0.2.43/util/u8a/cmp.ts": "497f2f88521a41b4dabcbc11f44b5c9dfa2785ca5858274c718f0996ab7194ee",
    "https://deno.land/x/polkadot@0.2.43/util/u8a/concat.ts": "57900cbcd970aad0a65796dc32327f0fbd3bf37921730ee9775d3c394204085d",
    "https://deno.land/x/polkadot@0.2.43/util/u8a/empty.ts": "444df6b93b0d37be75db6e071fad66f43560f3be4cc55f30f387c227b8bde64b",
    "https://deno.land/x/polkadot@0.2.43/util/u8a/eq.ts": "c1afd777af9f3f95837350406350f78ec2d70e02dd0c2a442d7deb761757f097",
    "https://deno.land/x/polkadot@0.2.43/util/u8a/fixLength.ts": "0b336ae2b11b44f386012738e8d38e4a20c04d9490ce6bdf47214b3c224ced6d",
    "https://deno.land/x/polkadot@0.2.43/util/u8a/index.ts": "7ed2eda82bd08e11a8982f96a450ca6f0b62715bd9e08c0d1150d87196130d8e",
    "https://deno.land/x/polkadot@0.2.43/util/u8a/sorted.ts": "92139a130f44cfcd7022da808e43b97698404689be52df3d384b471d59f27265",
    "https://deno.land/x/polkadot@0.2.43/util/u8a/toBigInt.ts": "e963a88a1aa27792810e6e74ee25bb745438bb294dbacf17450be04d2b4d2002",
    "https://deno.land/x/polkadot@0.2.43/util/u8a/toBn.ts": "63ef0d49822de035bb4808aa9c3e06b93e4c8e87b097903e523f468e4439939f",
    "https://deno.land/x/polkadot@0.2.43/util/u8a/toBuffer.ts": "f158ff7a62e0357c19973692727d8b38ce1276379bfc614e8ff8aaa71353df75",
    "https://deno.land/x/polkadot@0.2.43/util/u8a/toFloat.ts": "3289ea6435ee1bdca4807346929f6628fb590c2f0bd95739e2567e27984a568e",
    "https://deno.land/x/polkadot@0.2.43/util/u8a/toHex.ts": "09d669b3634a935794922f992002899846d4e8fbb10bee96cb194e1301c89997",
    "https://deno.land/x/polkadot@0.2.43/util/u8a/toNumber.ts": "4f2f2f1104050e7e5f3f14dd5d26e9087063d39be8e2232c8f53c6a4f5d132e0",
    "https://deno.land/x/polkadot@0.2.43/util/u8a/toString.ts": "effc2dea50fcedc101b2e108238463bf8296710e437583a1348a382808fda773",
    "https://deno.land/x/polkadot@0.2.43/util/u8a/toU8a.ts": "681a334ab54f8fc774ed3b72201c71a06bf11fa84c010b272c22850f627c2660",
    "https://deno.land/x/polkadot@0.2.43/util/u8a/wrap.ts": "e0fa07a71c73dc0bdce0a35ae7097f41d51dff2fd5316826678653e0774f004c",
    "https://deno.land/x/polkadot@0.2.43/util/versionDetect.ts": "deabf5f6e60ee3b0f80410f49fa6df0c09847d36ffbed6ed25757ce60be09136",
    "https://deno.land/x/polkadot@0.2.43/x-bigint/index.ts": "17d88d32878fe4fb81c97ebea26b05101c721d83b9521e8513782288ca3239a7",
    "https://deno.land/x/polkadot@0.2.43/x-bigint/mod.ts": "08f40b536bbd1d5ec254e619f807e9d2fcfd0f10cfef3fb7a6302bfb7e19d56f",
    "https://deno.land/x/polkadot@0.2.43/x-bigint/packageInfo.ts": "18c6eb47d4c723d55a39465c87ea002b477c994e21013c100d2d68368c04efd8",
    "https://deno.land/x/polkadot@0.2.43/x-global/index.ts": "c158424576851134ed4c9c084b66a8dfae027bd6d0dfe8dd7353042726bb74e2",
    "https://deno.land/x/polkadot@0.2.43/x-global/mod.ts": "08f40b536bbd1d5ec254e619f807e9d2fcfd0f10cfef3fb7a6302bfb7e19d56f",
    "https://deno.land/x/polkadot@0.2.43/x-global/packageInfo.ts": "ec89ac5d2dc65d8a87fcc86e4c46cda2810b4aa80a7612e8243de0b0fa30607a",
    "https://deno.land/x/polkadot@0.2.43/x-textdecoder/browser.ts": "52c23ad8164189b54234af22acc95196d448f3a61a3cd50713abd3ea1e1d4b15",
    "https://deno.land/x/polkadot@0.2.43/x-textdecoder/fallback.ts": "eca6f20166cadc0eb5304d3e60924b6c08fa4fac0fbb56b6c43b0bacc91dbbe6",
    "https://deno.land/x/polkadot@0.2.43/x-textdecoder/mod.ts": "41ea95447e4ecf69ed7905a46b73270ee43d57f83593046fa23f83adc09138c8",
    "https://deno.land/x/polkadot@0.2.43/x-textdecoder/packageInfo.ts": "a6467f4351662fedb804322430355c4583bdc59248a04e167972212be4ff8eba",
    "https://deno.land/x/polkadot@0.2.43/x-textencoder/browser.ts": "2a273885e3c1149b74b0ab545e4420a0a12f2c5c41cbff9406f691ebef536460",
    "https://deno.land/x/polkadot@0.2.43/x-textencoder/fallback.ts": "47ab0101f9f7ece92be47d239291c1b6dd1a96bc84e78db660fea2e04e39c63f",
    "https://deno.land/x/polkadot@0.2.43/x-textencoder/mod.ts": "41ea95447e4ecf69ed7905a46b73270ee43d57f83593046fa23f83adc09138c8",
    "https://deno.land/x/polkadot@0.2.43/x-textencoder/packageInfo.ts": "5dd50d5109de994ab791645a83fb4acf8998102f16689b367d1d73df9d6293aa",
    "https://esm.sh/bn.js@5.2.1": "80458715e5accdffe71d50aa139397650644804175a42a67a174969fac2984d3",
    "https://esm.sh/v133/bn.js@5.2.1/denonext/bn.mjs": "7b05196c10ac134bef7c46d544930542f89584d4a6129ed84f7d77c3c2ef4086"
  }
}
